
Microsoft Visual Studio Solution File, Format Version 12.00
# Visual Studio Version 17
VisualStudioVersion = 17.14.36414.22 d17.14
MinimumVisualStudioVersion = 10.0.40219.1
Project("{54A90642-561A-4BB1-A94E-469ADEE60C69}") = "Vlog_Page", "Vlog_Page.esproj", "{71F6B727-1CDD-0B7D-F5DA-8358AC14845D}"
EndProject
Global
	GlobalSection(SolutionConfigurationPlatforms) = preSolution
		Debug|Any CPU = Debug|Any CPU
		Release|Any CPU = Release|Any CPU
	EndGlobalSection
	GlobalSection(ProjectConfigurationPlatforms) = postSolution
		{71F6B727-1CDD-0B7D-F5DA-8358AC14845D}.Debug|Any CPU.ActiveCfg = Debug|Any CPU
		{71F6B727-1CDD-0B7D-F5DA-8358AC14845D}.Debug|Any CPU.Build.0 = Debug|Any CPU
		{71F6B727-1CDD-0B7D-F5DA-8358AC14845D}.Debug|Any CPU.Deploy.0 = Debug|Any CPU
		{71F6B727-1CDD-0B7D-F5DA-8358AC14845D}.Release|Any CPU.ActiveCfg = Release|Any CPU
		{71F6B727-1CDD-0B7D-F5DA-8358AC14845D}.Release|Any CPU.Build.0 = Release|Any CPU
		{71F6B727-1CDD-0B7D-F5DA-8358AC14845D}.Release|Any CPU.Deploy.0 = Release|Any CPU
	EndGlobalSection
	GlobalSection(SolutionProperties) = preSolution
		HideSolutionNode = FALSE
	EndGlobalSection
	GlobalSection(ExtensibilityGlobals) = postSolution
		SolutionGuid = {74568C78-485A-4F06-A8BB-14459D3C6D79}
	EndGlobalSection
EndGlobal
